// !$*UTF8*$!
{
	archiveVersion = 1;
	classes = {
	};
	objectVersion = 50;
	objects = {

/* Begin PBXBuildFile section */
		9902214520EA49FC006D25D2 /* AppDelegate.swift in Sources */ = {isa = PBXBuildFile; fileRef = 9902214420EA49FC006D25D2 /* AppDelegate.swift */; };
		9902214720EA49FC006D25D2 /* ViewController.swift in Sources */ = {isa = PBXBuildFile; fileRef = 9902214620EA49FC006D25D2 /* ViewController.swift */; };
		9902214A20EA49FC006D25D2 /* Main.storyboard in Resources */ = {isa = PBXBuildFile; fileRef = 9902214820EA49FC006D25D2 /* Main.storyboard */; };
		9902214C20EA49FD006D25D2 /* Assets.xcassets in Resources */ = {isa = PBXBuildFile; fileRef = 9902214B20EA49FD006D25D2 /* Assets.xcassets */; };
		9902214F20EA49FD006D25D2 /* LaunchScreen.storyboard in Resources */ = {isa = PBXBuildFile; fileRef = 9902214D20EA49FD006D25D2 /* LaunchScreen.storyboard */; };
		9902215720EA4A1F006D25D2 /* SwiftyJSON.swift in Sources */ = {isa = PBXBuildFile; fileRef = 9902215620EA4A1F006D25D2 /* SwiftyJSON.swift */; };
		9902216120EA6677006D25D2 /* Country.swift in Sources */ = {isa = PBXBuildFile; fileRef = 9902216020EA6677006D25D2 /* Country.swift */; };
		9902216320EA70C2006D25D2 /* DetailViewController.swift in Sources */ = {isa = PBXBuildFile; fileRef = 9902216220EA70C2006D25D2 /* DetailViewController.swift */; };
/* End PBXBuildFile section */

/* Begin PBXFileReference section */
		9902214120EA49FC006D25D2 /* Challenge - Countries.app */ = {isa = PBXFileReference; explicitFileType = wrapper.application; includeInIndex = 0; path = "Challenge - Countries.app"; sourceTree = BUILT_PRODUCTS_DIR; };
		9902214420EA49FC006D25D2 /* AppDelegate.swift */ = {isa = PBXFileReference; lastKnownFileType = sourcecode.swift; path = AppDelegate.swift; sourceTree = "<group>"; };
		9902214620EA49FC006D25D2 /* ViewController.swift */ = {isa = PBXFileReference; lastKnownFileType = sourcecode.swift; path = ViewController.swift; sourceTree = "<group>"; };
		9902214920EA49FC006D25D2 /* Base */ = {isa = PBXFileReference; lastKnownFileType = file.storyboard; name = Base; path = Base.lproj/Main.storyboard; sourceTree = "<group>"; };
		9902214B20EA49FD006D25D2 /* Assets.xcassets */ = {isa = PBXFileReference; lastKnownFileType = folder.assetcatalog; path = Assets.xcassets; sourceTree = "<group>"; };
		9902214E20EA49FD006D25D2 /* Base */ = {isa = PBXFileReference; lastKnownFileType = file.storyboard; name = Base; path = Base.lproj/LaunchScreen.storyboard; sourceTree = "<group>"; };
		9902215020EA49FD006D25D2 /* Info.plist */ = {isa = PBXFileReference; lastKnownFileType = text.plist.xml; path = Info.plist; sourceTree = "<group>"; };
		9902215620EA4A1F006D25D2 /* SwiftyJSON.swift */ = {isa = PBXFileReference; fileEncoding = 4; lastKnownFileType = sourcecode.swift; path = SwiftyJSON.swift; sourceTree = "<group>"; };
		9902216020EA6677006D25D2 /* Country.swift */ = {isa = PBXFileReference; lastKnownFileType = sourcecode.swift; path = Country.swift; sourceTree = "<group>"; };
		9902216220EA70C2006D25D2 /* DetailViewController.swift */ = {isa = PBXFileReference; lastKnownFileType = sourcecode.swift; path = DetailViewController.swift; sourceTree = "<group>"; };
/* End PBXFileReference section */

/* Begin PBXFrameworksBuildPhase section */
		9902213E20EA49FC006D25D2 /* Frameworks */ = {
			isa = PBXFrameworksBuildPhase;
			buildActionMask = 2147483647;
			files = (
			);
			runOnlyForDeploymentPostprocessing = 0;
		};
/* End PBXFrameworksBuildPhase section */

/* Begin PBXGroup section */
		9902213820EA49FC006D25D2 = {
			isa = PBXGroup;
			children = (
				9902214320EA49FC006D25D2 /* Challenge - Countries */,
				9902214220EA49FC006D25D2 /* Products */,
			);
			sourceTree = "<group>";
		};
		9902214220EA49FC006D25D2 /* Products */ = {
			isa = PBXGroup;
			children = (
				9902214120EA49FC006D25D2 /* Challenge - Countries.app */,
			);
			name = Products;
			sourceTree = "<group>";
		};
		9902214320EA49FC006D25D2 /* Challenge - Countries */ = {
			isa = PBXGroup;
			children = (
				9902214420EA49FC006D25D2 /* AppDelegate.swift */,
				9902214620EA49FC006D25D2 /* ViewController.swift */,
				9902216220EA70C2006D25D2 /* DetailViewController.swift */,
				9902214820EA49FC006D25D2 /* Main.storyboard */,
				9902214B20EA49FD006D25D2 /* Assets.xcassets */,
				9902214D20EA49FD006D25D2 /* LaunchScreen.storyboard */,
				9902215020EA49FD006D25D2 /* Info.plist */,
				9902216020EA6677006D25D2 /* Country.swift */,
				9902215620EA4A1F006D25D2 /* SwiftyJSON.swift */,
			);
			path = "Challenge - Countries";
			sourceTree = "<group>";
		};
/* End PBXGroup section */

/* Begin PBXNativeTarget section */
		9902214020EA49FC006D25D2 /* Challenge - Countries */ = {
			isa = PBXNativeTarget;
			buildConfigurationList = 9902215320EA49FD006D25D2 /* Build configuration list for PBXNativeTarget "Challenge - Countries" */;
			buildPhases = (
				9902213D20EA49FC006D25D2 /* Sources */,
				9902213E20EA49FC006D25D2 /* Frameworks */,
				9902213F20EA49FC006D25D2 /* Resources */,
			);
			buildRules = (
			);
			dependencies = (
			);
			name = "Challenge - Countries";
			productName = "Challenge - Countries";
			productReference = 9902214120EA49FC006D25D2 /* Challenge - Countries.app */;
			productType = "com.apple.product-type.application";
		};
/* End PBXNativeTarget section */

/* Begin PBXProject section */
		9902213920EA49FC006D25D2 /* Project object */ = {
			isa = PBXProject;
			attributes = {
				LastSwiftUpdateCheck = 0940;
				LastUpgradeCheck = 0940;
				ORGANIZATIONNAME = "Catalin Palade";
				TargetAttributes = {
					9902214020EA49FC006D25D2 = {
						CreatedOnToolsVersion = 9.4.1;
					};
				};
			};
			buildConfigurationList = 9902213C20EA49FC006D25D2 /* Build configuration list for PBXProject "Challenge - Countries" */;
			compatibilityVersion = "Xcode 9.3";
			developmentRegion = en;
			hasScannedForEncodings = 0;
			knownRegions = (
				en,
				Base,
			);
			mainGroup = 9902213820EA49FC006D25D2;
			productRefGroup = 9902214220EA49FC006D25D2 /* Products */;
			projectDirPath = "";
			projectRoot = "";
			targets = (
				9902214020EA49FC006D25D2 /* Challenge - Countries */,
			);
		};
/* End PBXProject section */

/* Begin PBXResourcesBuildPhase section */
		9902213F20EA49FC006D25D2 /* Resources */ = {
			isa = PBXResourcesBuildPhase;
			buildActionMask = 2147483647;
			files = (
				9902214F20EA49FD006D25D2 /* LaunchScreen.storyboard in Resources */,
				9902214C20EA49FD006D25D2 /* Assets.xcassets in Resources */,
				9902214A20EA49FC006D25D2 /* Main.storyboard in Resources */,
			);
			runOnlyForDeploymentPostprocessing = 0;
		};
/* End PBXResourcesBuildPhase section */

/* Begin PBXSourcesBuildPhase section */
		9902213D20EA49FC006D25D2 /* Sources */ = {
			isa = PBXSourcesBuildPhase;
			buildActionMask = 2147483647;
			files = (
				9902216120EA6677006D25D2 /* Country.swift in Sources */,
				9902215720EA4A1F006D25D2 /* SwiftyJSON.swift in Sources */,
				9902216320EA70C2006D25D2 /* DetailViewController.swift in Sources */,
				9902214720EA49FC006D25D2 /* ViewController.swift in Sources */,
				9902214520EA49FC006D25D2 /* AppDelegate.swift in Sources */,
			);
			runOnlyForDeploymentPostprocessing = 0;
		};
/* End PBXSourcesBuildPhase section */

/* Begin PBXVariantGroup section */
		9902214820EA49FC006D25D2 /* Main.storyboard */ = {
			isa = PBXVariantGroup;
			children = (
				9902214920EA49FC006D25D2 /* Base */,
			);
			name = Main.storyboard;
			sourceTree = "<group>";
		};
		9902214D20EA49FD006D25D2 /* LaunchScreen.storyboard */ = {
			isa = PBXVariantGroup;
			children = (
				9902214E20EA49FD006D25D2 /* Base */,
			);
			name = LaunchScreen.storyboard;
			sourceTree = "<group>";
		};
/* End PBXVariantGroup section */

/* Begin XCBuildConfiguration section */
		9902215120EA49FD006D25D2 /* Debug */ = {
			isa = XCBuildConfiguration;
			buildSettings = {
				ALWAYS_SEARCH_USER_PATHS = NO;
				CLANG_ANALYZER_NONNULL = YES;
				CLANG_ANALYZER_NUMBER_OBJECT_CONVERSION = YES_AGGRESSIVE;
				CLANG_CXX_LANGUAGE_STANDARD = "gnu++14";
				CLANG_CXX_LIBRARY = "libc++";
				CLANG_ENABLE_MODULES = YES;
				CLANG_ENABLE_OBJC_ARC = YES;
				CLANG_ENABLE_OBJC_WEAK = YES;
				CLANG_WARN_BLOCK_CAPTURE_AUTORELEASING = YES;
				CLANG_WARN_BOOL_CONVERSION = YES;
				CLANG_WARN_COMMA = YES;
				CLANG_WARN_CONSTANT_CONVERSION = YES;
				CLANG_WARN_DEPRECATED_OBJC_IMPLEMENTATIONS = YES;
				CLANG_WARN_DIRECT_OBJC_ISA_USAGE = YES_ERROR;
				CLANG_WARN_DOCUMENTATION_COMMENTS = YES;
				CLANG_WARN_EMPTY_BODY = YES;
				CLANG_WARN_ENUM_CONVERSION = YES;
				CLANG_WARN_INFINITE_RECURSION = YES;
				CLANG_WARN_INT_CONVERSION = YES;
				CLANG_WARN_NON_LITERAL_NULL_CONVERSION = YES;
				CLANG_WARN_OBJC_IMPLICIT_RETAIN_SELF = YES;
				CLANG_WARN_OBJC_LITERAL_CONVERSION = YES;
				CLANG_WARN_OBJC_ROOT_CLASS = YES_ERROR;
				CLANG_WARN_RANGE_LOOP_ANALYSIS = YES;
				CLANG_WARN_STRICT_PROTOTYPES = YES;
				CLANG_WARN_SUSPICIOUS_MOVE = YES;
				CLANG_WARN_UNGUARDED_AVAILABILITY = YES_AGGRESSIVE;
				CLANG_WARN_UNREACHABLE_CODE = YES;
				CLANG_WARN__DUPLICATE_METHOD_MATCH = YES;
				CODE_SIGN_IDENTITY = "iPhone Developer";
				COPY_PHASE_STRIP = NO;
				DEBUG_INFORMATION_FORMAT = dwarf;
				ENABLE_STRICT_OBJC_MSGSEND = YES;
				ENABLE_TESTABILITY = YES;
				GCC_C_LANGUAGE_STANDARD = gnu11;
				GCC_DYNAMIC_NO_PIC = NO;
				GCC_NO_COMMON_BLOCKS = YES;
				GCC_OPTIMIZATION_LEVEL = 0;
				GCC_PREPROCESSOR_DEFINITIONS = (
					"DEBUG=1",
					"$(inherited)",
				);
				GCC_WARN_64_TO_32_BIT_CONVERSION = YES;
				GCC_WARN_ABOUT_RETURN_TYPE = YES_ERROR;
				GCC_WARN_UNDECLARED_SELECTOR = YES;
				GCC_WARN_UNINITIALIZED_AUTOS = YES_AGGRESSIVE;
				GCC_WARN_UNUSED_FUNCTION = YES;
				GCC_WARN_UNUSED_VARIABLE = YES;
				IPHONEOS_DEPLOYMENT_TARGET = 11.4;
				MTL_ENABLE_DEBUG_INFO = YES;
				ONLY_ACTIVE_ARCH = YES;
				SDKROOT = iphoneos;
				SWIFT_ACTIVE_COMPILATION_CONDITIONS = DEBUG;
				SWIFT_OPTIMIZATION_LEVEL = "-Onone";
			};
			name = Debug;
		};
		9902215220EA49FD006D25D2 /* Release */ = {
			isa = XCBuildConfiguration;
			buildSettings = {
				ALWAYS_SEARCH_USER_PATHS = NO;
				CLANG_ANALYZER_NONNULL = YES;
				CLANG_ANALYZER_NUMBER_OBJECT_CONVERSION = YES_AGGRESSIVE;
				CLANG_CXX_LANGUAGE_STANDARD = "gnu++14";
				CLANG_CXX_LIBRARY = "libc++";
				CLANG_ENABLE_MODULES = YES;
				CLANG_ENABLE_OBJC_ARC = YES;
				CLANG_ENABLE_OBJC_WEAK = YES;
				CLANG_WARN_BLOCK_CAPTURE_AUTORELEASING = YES;
				CLANG_WARN_BOOL_CONVERSION = YES;
				CLANG_WARN_COMMA = YES;
				CLANG_WARN_CONSTANT_CONVERSION = YES;
				CLANG_WARN_DEPRECATED_OBJC_IMPLEMENTATIONS = YES;
				CLANG_WARN_DIRECT_OBJC_ISA_USAGE = YES_ERROR;
				CLANG_WARN_DOCUMENTATION_COMMENTS = YES;
				CLANG_WARN_EMPTY_BODY = YES;
				CLANG_WARN_ENUM_CONVERSION = YES;
				CLANG_WARN_INFINITE_RECURSION = YES;
				CLANG_WARN_INT_CONVERSION = YES;
				CLANG_WARN_NON_LITERAL_NULL_CONVERSION = YES;
				CLANG_WARN_OBJC_IMPLICIT_RETAIN_SELF = YES;
				CLANG_WARN_OBJC_LITERAL_CONVERSION = YES;
				CLANG_WARN_OBJC_ROOT_CLASS = YES_ERROR;
				CLANG_WARN_RANGE_LOOP_ANALYSIS = YES;
				CLANG_WARN_STRICT_PROTOTYPES = YES;
				CLANG_WARN_SUSPICIOUS_MOVE = YES;
				CLANG_WARN_UNGUARDED_AVAILABILITY = YES_AGGRESSIVE;
				CLANG_WARN_UNREACHABLE_CODE = YES;
				CLANG_WARN__DUPLICATE_METHOD_MATCH = YES;
				CODE_SIGN_IDENTITY = "iPhone Developer";
				COPY_PHASE_STRIP = NO;
				DEBUG_INFORMATION_FORMAT = "dwarf-with-dsym";
				ENABLE_NS_ASSERTIONS = NO;
				ENABLE_STRICT_OBJC_MSGSEND = YES;
				GCC_C_LANGUAGE_STANDARD = gnu11;
				GCC_NO_COMMON_BLOCKS = YES;
				GCC_WARN_64_TO_32_BIT_CONVERSION = YES;
				GCC_WARN_ABOUT_RETURN_TYPE = YES_ERROR;
				GCC_WARN_UNDECLARED_SELECTOR = YES;
				GCC_WARN_UNINITIALIZED_AUTOS = YES_AGGRESSIVE;
				GCC_WARN_UNUSED_FUNCTION = YES;
				GCC_WARN_UNUSED_VARIABLE = YES;
				IPHONEOS_DEPLOYMENT_TARGET = 11.4;
				MTL_ENABLE_DEBUG_INFO = NO;
				SDKROOT = iphoneos;
				SWIFT_COMPILATION_MODE = wholemodule;
				SWIFT_OPTIMIZATION_LEVEL = "-O";
				VALIDATE_PRODUCT = YES;
			};
			name = Release;
		};
		9902215420EA49FD006D25D2 /* Debug */ = {
			isa = XCBuildConfiguration;
			buildSettings = {
				ASSETCATALOG_COMPILER_APPICON_NAME = AppIcon;
				CODE_SIGN_STYLE = Automatic;
				DEVELOPMENT_TEAM = 556JYUKVPG;
				INFOPLIST_FILE = "Challenge - Countries/Info.plist";
				LD_RUNPATH_SEARCH_PATHS = (
					"$(inherited)",
					"@executable_path/Frameworks",
				);
				PRODUCT_BUNDLE_IDENTIFIER = "TotoTest.Challenge---Countries";
				PRODUCT_NAME = "$(TARGET_NAME)";
				SWIFT_VERSION = 4.0;
				TARGETED_DEVICE_FAMILY = "1,2";
			};
			name = Debug;
		};
		9902215520EA49FD006D25D2 /* Release */ = {
			isa = XCBuildConfiguration;
			buildSettings = {
				ASSETCATALOG_COMPILER_APPICON_NAME = AppIcon;
				CODE_SIGN_STYLE = Automatic;
				DEVELOPMENT_TEAM = 556JYUKVPG;
				INFOPLIST_FILE = "Challenge - Countries/Info.plist";
				LD_RUNPATH_SEARCH_PATHS = (
					"$(inherited)",
					"@executable_path/Frameworks",
				);
				PRODUCT_BUNDLE_IDENTIFIER = "TotoTest.Challenge---Countries";
				PRODUCT_NAME = "$(TARGET_NAME)";
				SWIFT_VERSION = 4.0;
				TARGETED_DEVICE_FAMILY = "1,2";
			};
			name = Release;
		};
/* End XCBuildConfiguration section */

/* Begin XCConfigurationList section */
		9902213C20EA49FC006D25D2 /* Build configuration list for PBXProject "Challenge - Countries" */ = {
			isa = XCConfigurationList;
			buildConfigurations = (
				9902215120EA49FD006D25D2 /* Debug */,
				9902215220EA49FD006D25D2 /* Release */,
			);
			defaultConfigurationIsVisible = 0;
			defaultConfigurationName = Release;
		};
		9902215320EA49FD006D25D2 /* Build configuration list for PBXNativeTarget "Challenge - Countries" */ = {
			isa = XCConfigurationList;
			buildConfigurations = (
				9902215420EA49FD006D25D2 /* Debug */,
				9902215520EA49FD006D25D2 /* Release */,
			);
			defaultConfigurationIsVisible = 0;
			defaultConfigurationName = Release;
		};
/* End XCConfigurationList section */
	};
	rootObject = 9902213920EA49FC006D25D2 /* Project object */;
}
